
Microsoft Visual Studio Solution File, Format Version 12.00
# Visual Studio Version 16
VisualStudioVersion = 16.0.29020.237
MinimumVisualStudioVersion = 10.0.40219.1
Project("{FAE04EC0-301F-11D3-BF4B-00C04F79EFBC}") = "CryptoTest", "CryptoTest\CryptoTest.csproj", "{1CD0E12A-5FD9-4E9F-8058-2485EA50481B}"
EndProject
Global
	GlobalSection(SolutionConfigurationPlatforms) = preSolution
		Debug|Any CPU = Debug|Any CPU
		Release|Any CPU = Release|Any CPU
	EndGlobalSection
	GlobalSection(ProjectConfigurationPlatforms) = postSolution
		{1CD0E12A-5FD9-4E9F-8058-2485EA50481B}.Debug|Any CPU.ActiveCfg = Debug|Any CPU
		{1CD0E12A-5FD9-4E9F-8058-2485EA50481B}.Debug|Any CPU.Build.0 = Debug|Any CPU
		{1CD0E12A-5FD9-4E9F-8058-2485EA50481B}.Release|Any CPU.ActiveCfg = Release|Any CPU
		{1CD0E12A-5FD9-4E9F-8058-2485EA50481B}.Release|Any CPU.Build.0 = Release|Any CPU
	EndGlobalSection
	GlobalSection(SolutionProperties) = preSolution
		HideSolutionNode = FALSE
	EndGlobalSection
	GlobalSection(ExtensibilityGlobals) = postSolution
		SolutionGuid = {20CC0DE3-CE64-499A-AD2D-ED9B9F7ADB6D}
	EndGlobalSection
EndGlobal
